
Microsoft Visual Studio Solution File, Format Version 12.00
# Visual Studio Version 17
VisualStudioVersion = 17.5.33516.290
MinimumVisualStudioVersion = 10.0.40219.1
Project("{FAE04EC0-301F-11D3-BF4B-00C04F79EFBC}") = "loginPrueba", "loginPrueba\loginPrueba.csproj", "{4FBA15C0-02E3-4D18-B899-3C8F1D4AEABC}"
EndProject
Global
	GlobalSection(SolutionConfigurationPlatforms) = preSolution
		Debug|Any CPU = Debug|Any CPU
		Release|Any CPU = Release|Any CPU
	EndGlobalSection
	GlobalSection(ProjectConfigurationPlatforms) = postSolution
		{4FBA15C0-02E3-4D18-B899-3C8F1D4AEABC}.Debug|Any CPU.ActiveCfg = Debug|Any CPU
		{4FBA15C0-02E3-4D18-B899-3C8F1D4AEABC}.Debug|Any CPU.Build.0 = Debug|Any CPU
		{4FBA15C0-02E3-4D18-B899-3C8F1D4AEABC}.Release|Any CPU.ActiveCfg = Release|Any CPU
		{4FBA15C0-02E3-4D18-B899-3C8F1D4AEABC}.Release|Any CPU.Build.0 = Release|Any CPU
	EndGlobalSection
	GlobalSection(SolutionProperties) = preSolution
		HideSolutionNode = FALSE
	EndGlobalSection
	GlobalSection(ExtensibilityGlobals) = postSolution
		SolutionGuid = {BDC5D6B5-94CC-46B0-BEAE-E165F22553BA}
	EndGlobalSection
EndGlobal
